
Microsoft Visual Studio Solution File, Format Version 12.00
# Visual Studio Version 17
VisualStudioVersion = 17.8.34330.188
MinimumVisualStudioVersion = 10.0.40219.1
Project("{FAE04EC0-301F-11D3-BF4B-00C04F79EFBC}") = "WindowsFormsApp1", "WindowsFormsApp1\WindowsFormsApp1.csproj", "{C154BC58-6344-44EC-8837-758479E90A17}"
EndProject
Global
	GlobalSection(SolutionConfigurationPlatforms) = preSolution
		Debug|Any CPU = Debug|Any CPU
		Release|Any CPU = Release|Any CPU
	EndGlobalSection
	GlobalSection(ProjectConfigurationPlatforms) = postSolution
		{C154BC58-6344-44EC-8837-758479E90A17}.Debug|Any CPU.ActiveCfg = Debug|Any CPU
		{C154BC58-6344-44EC-8837-758479E90A17}.Debug|Any CPU.Build.0 = Debug|Any CPU
		{C154BC58-6344-44EC-8837-758479E90A17}.Release|Any CPU.ActiveCfg = Release|Any CPU
		{C154BC58-6344-44EC-8837-758479E90A17}.Release|Any CPU.Build.0 = Release|Any CPU
	EndGlobalSection
	GlobalSection(SolutionProperties) = preSolution
		HideSolutionNode = FALSE
	EndGlobalSection
	GlobalSection(ExtensibilityGlobals) = postSolution
		SolutionGuid = {0D28C898-E5A1-4020-9447-24DDD26BC1DD}
	EndGlobalSection
EndGlobal
