
Microsoft Visual Studio Solution File, Format Version 12.00
# Visual Studio Version 17
VisualStudioVersion = 17.7.34024.191
MinimumVisualStudioVersion = 10.0.40219.1
Project("{FAE04EC0-301F-11D3-BF4B-00C04F79EFBC}") = "WinFormsDemo", "WinFormsDemo\WinFormsDemo.csproj", "{2DD0D172-15B7-42E4-AB5F-4D92A538C93B}"
EndProject
Global
	GlobalSection(SolutionConfigurationPlatforms) = preSolution
		Debug|Any CPU = Debug|Any CPU
		Release|Any CPU = Release|Any CPU
	EndGlobalSection
	GlobalSection(ProjectConfigurationPlatforms) = postSolution
		{2DD0D172-15B7-42E4-AB5F-4D92A538C93B}.Debug|Any CPU.ActiveCfg = Debug|Any CPU
		{2DD0D172-15B7-42E4-AB5F-4D92A538C93B}.Debug|Any CPU.Build.0 = Debug|Any CPU
		{2DD0D172-15B7-42E4-AB5F-4D92A538C93B}.Release|Any CPU.ActiveCfg = Release|Any CPU
		{2DD0D172-15B7-42E4-AB5F-4D92A538C93B}.Release|Any CPU.Build.0 = Release|Any CPU
	EndGlobalSection
	GlobalSection(SolutionProperties) = preSolution
		HideSolutionNode = FALSE
	EndGlobalSection
	GlobalSection(ExtensibilityGlobals) = postSolution
		SolutionGuid = {366AD5F0-D35D-4B33-B4FC-EAE0331F7555}
	EndGlobalSection
EndGlobal
